
Microsoft Visual Studio Solution File, Format Version 12.00
# Visual Studio Version 17
VisualStudioVersion = 17.3.32922.545
MinimumVisualStudioVersion = 10.0.40219.1
Project("{8BC9CEB8-8B4A-11D0-8D11-00A0C91BC942}") = "HatvanasSzamrendszer_v2.0", "HatvanasSzamrendszer_v2.0.vcxproj", "{F9162899-C900-4A59-A871-77D48B193B06}"
EndProject
Global
	GlobalSection(SolutionConfigurationPlatforms) = preSolution
		Debug|x64 = Debug|x64
		Debug|x86 = Debug|x86
		Release|x64 = Release|x64
		Release|x86 = Release|x86
	EndGlobalSection
	GlobalSection(ProjectConfigurationPlatforms) = postSolution
		{F9162899-C900-4A59-A871-77D48B193B06}.Debug|x64.ActiveCfg = Debug|x64
		{F9162899-C900-4A59-A871-77D48B193B06}.Debug|x64.Build.0 = Debug|x64
		{F9162899-C900-4A59-A871-77D48B193B06}.Debug|x86.ActiveCfg = Debug|Win32
		{F9162899-C900-4A59-A871-77D48B193B06}.Debug|x86.Build.0 = Debug|Win32
		{F9162899-C900-4A59-A871-77D48B193B06}.Release|x64.ActiveCfg = Release|x64
		{F9162899-C900-4A59-A871-77D48B193B06}.Release|x64.Build.0 = Release|x64
		{F9162899-C900-4A59-A871-77D48B193B06}.Release|x86.ActiveCfg = Release|Win32
		{F9162899-C900-4A59-A871-77D48B193B06}.Release|x86.Build.0 = Release|Win32
	EndGlobalSection
	GlobalSection(SolutionProperties) = preSolution
		HideSolutionNode = FALSE
	EndGlobalSection
	GlobalSection(ExtensibilityGlobals) = postSolution
		SolutionGuid = {6520BBD6-CF3F-45F2-8F8F-4D43E5D49F52}
	EndGlobalSection
EndGlobal
