
Microsoft Visual Studio Solution File, Format Version 12.00
# Visual Studio Version 17
VisualStudioVersion = 17.5.33516.290
MinimumVisualStudioVersion = 10.0.40219.1
Project("{8BC9CEB8-8B4A-11D0-8D11-00A0C91BC942}") = "bnim2219_L4_2b", "bnim2219_L4_2b.vcxproj", "{A9BB2AE3-54D0-4965-A13D-68C5811F522A}"
EndProject
Global
	GlobalSection(SolutionConfigurationPlatforms) = preSolution
		Debug|x64 = Debug|x64
		Debug|x86 = Debug|x86
		Release|x64 = Release|x64
		Release|x86 = Release|x86
	EndGlobalSection
	GlobalSection(ProjectConfigurationPlatforms) = postSolution
		{A9BB2AE3-54D0-4965-A13D-68C5811F522A}.Debug|x64.ActiveCfg = Debug|x64
		{A9BB2AE3-54D0-4965-A13D-68C5811F522A}.Debug|x64.Build.0 = Debug|x64
		{A9BB2AE3-54D0-4965-A13D-68C5811F522A}.Debug|x86.ActiveCfg = Debug|Win32
		{A9BB2AE3-54D0-4965-A13D-68C5811F522A}.Debug|x86.Build.0 = Debug|Win32
		{A9BB2AE3-54D0-4965-A13D-68C5811F522A}.Release|x64.ActiveCfg = Release|x64
		{A9BB2AE3-54D0-4965-A13D-68C5811F522A}.Release|x64.Build.0 = Release|x64
		{A9BB2AE3-54D0-4965-A13D-68C5811F522A}.Release|x86.ActiveCfg = Release|Win32
		{A9BB2AE3-54D0-4965-A13D-68C5811F522A}.Release|x86.Build.0 = Release|Win32
	EndGlobalSection
	GlobalSection(SolutionProperties) = preSolution
		HideSolutionNode = FALSE
	EndGlobalSection
	GlobalSection(ExtensibilityGlobals) = postSolution
		SolutionGuid = {6DA83860-F1EE-4214-95C1-891EE5F7B562}
	EndGlobalSection
EndGlobal
