
Microsoft Visual Studio Solution File, Format Version 12.00
# Visual Studio Version 17
VisualStudioVersion = 17.4.33110.190
MinimumVisualStudioVersion = 10.0.40219.1
Project("{8BC9CEB8-8B4A-11D0-8D11-00A0C91BC942}") = "Torol7", "Torol7.vcxproj", "{942EEAB4-CBDF-4706-A0E3-7347901CAB95}"
EndProject
Global
	GlobalSection(SolutionConfigurationPlatforms) = preSolution
		Debug|x64 = Debug|x64
		Debug|x86 = Debug|x86
		Release|x64 = Release|x64
		Release|x86 = Release|x86
	EndGlobalSection
	GlobalSection(ProjectConfigurationPlatforms) = postSolution
		{942EEAB4-CBDF-4706-A0E3-7347901CAB95}.Debug|x64.ActiveCfg = Debug|x64
		{942EEAB4-CBDF-4706-A0E3-7347901CAB95}.Debug|x64.Build.0 = Debug|x64
		{942EEAB4-CBDF-4706-A0E3-7347901CAB95}.Debug|x86.ActiveCfg = Debug|Win32
		{942EEAB4-CBDF-4706-A0E3-7347901CAB95}.Debug|x86.Build.0 = Debug|Win32
		{942EEAB4-CBDF-4706-A0E3-7347901CAB95}.Release|x64.ActiveCfg = Release|x64
		{942EEAB4-CBDF-4706-A0E3-7347901CAB95}.Release|x64.Build.0 = Release|x64
		{942EEAB4-CBDF-4706-A0E3-7347901CAB95}.Release|x86.ActiveCfg = Release|Win32
		{942EEAB4-CBDF-4706-A0E3-7347901CAB95}.Release|x86.Build.0 = Release|Win32
	EndGlobalSection
	GlobalSection(SolutionProperties) = preSolution
		HideSolutionNode = FALSE
	EndGlobalSection
	GlobalSection(ExtensibilityGlobals) = postSolution
		SolutionGuid = {FC5A7941-D2CA-4B88-AB1B-389A536C9953}
	EndGlobalSection
EndGlobal
