
Microsoft Visual Studio Solution File, Format Version 12.00
# Visual Studio Version 17
VisualStudioVersion = 17.3.32929.385
MinimumVisualStudioVersion = 10.0.40219.1
Project("{8BC9CEB8-8B4A-11D0-8D11-00A0C91BC942}") = "Labor_Temperatures", "Labor_Temperatures.vcxproj", "{3BB300B2-AC64-437D-AD0C-33506AAC165F}"
EndProject
Global
	GlobalSection(SolutionConfigurationPlatforms) = preSolution
		Debug|x64 = Debug|x64
		Debug|x86 = Debug|x86
		Release|x64 = Release|x64
		Release|x86 = Release|x86
	EndGlobalSection
	GlobalSection(ProjectConfigurationPlatforms) = postSolution
		{3BB300B2-AC64-437D-AD0C-33506AAC165F}.Debug|x64.ActiveCfg = Debug|x64
		{3BB300B2-AC64-437D-AD0C-33506AAC165F}.Debug|x64.Build.0 = Debug|x64
		{3BB300B2-AC64-437D-AD0C-33506AAC165F}.Debug|x86.ActiveCfg = Debug|Win32
		{3BB300B2-AC64-437D-AD0C-33506AAC165F}.Debug|x86.Build.0 = Debug|Win32
		{3BB300B2-AC64-437D-AD0C-33506AAC165F}.Release|x64.ActiveCfg = Release|x64
		{3BB300B2-AC64-437D-AD0C-33506AAC165F}.Release|x64.Build.0 = Release|x64
		{3BB300B2-AC64-437D-AD0C-33506AAC165F}.Release|x86.ActiveCfg = Release|Win32
		{3BB300B2-AC64-437D-AD0C-33506AAC165F}.Release|x86.Build.0 = Release|Win32
	EndGlobalSection
	GlobalSection(SolutionProperties) = preSolution
		HideSolutionNode = FALSE
	EndGlobalSection
	GlobalSection(ExtensibilityGlobals) = postSolution
		SolutionGuid = {F962E250-3811-4D31-9B66-B9D98140435E}
	EndGlobalSection
EndGlobal
