
Microsoft Visual Studio Solution File, Format Version 12.00
# Visual Studio Version 17
VisualStudioVersion = 17.5.33627.172
MinimumVisualStudioVersion = 10.0.40219.1
Project("{8BC9CEB8-8B4A-11D0-8D11-00A0C91BC942}") = "L05_bnim2219_3", "L05_bnim2219_3.vcxproj", "{3385A4F7-0A7A-4E9F-84F4-03296702A3DC}"
EndProject
Global
	GlobalSection(SolutionConfigurationPlatforms) = preSolution
		Debug|x64 = Debug|x64
		Debug|x86 = Debug|x86
		Release|x64 = Release|x64
		Release|x86 = Release|x86
	EndGlobalSection
	GlobalSection(ProjectConfigurationPlatforms) = postSolution
		{3385A4F7-0A7A-4E9F-84F4-03296702A3DC}.Debug|x64.ActiveCfg = Debug|x64
		{3385A4F7-0A7A-4E9F-84F4-03296702A3DC}.Debug|x64.Build.0 = Debug|x64
		{3385A4F7-0A7A-4E9F-84F4-03296702A3DC}.Debug|x86.ActiveCfg = Debug|Win32
		{3385A4F7-0A7A-4E9F-84F4-03296702A3DC}.Debug|x86.Build.0 = Debug|Win32
		{3385A4F7-0A7A-4E9F-84F4-03296702A3DC}.Release|x64.ActiveCfg = Release|x64
		{3385A4F7-0A7A-4E9F-84F4-03296702A3DC}.Release|x64.Build.0 = Release|x64
		{3385A4F7-0A7A-4E9F-84F4-03296702A3DC}.Release|x86.ActiveCfg = Release|Win32
		{3385A4F7-0A7A-4E9F-84F4-03296702A3DC}.Release|x86.Build.0 = Release|Win32
	EndGlobalSection
	GlobalSection(SolutionProperties) = preSolution
		HideSolutionNode = FALSE
	EndGlobalSection
	GlobalSection(ExtensibilityGlobals) = postSolution
		SolutionGuid = {8BFD6AAF-2890-452D-A89B-80A94BC4FD02}
	EndGlobalSection
EndGlobal
