
Microsoft Visual Studio Solution File, Format Version 12.00
# Visual Studio Version 17
VisualStudioVersion = 17.3.32922.545
MinimumVisualStudioVersion = 10.0.40219.1
Project("{8BC9CEB8-8B4A-11D0-8D11-00A0C91BC942}") = "LinearisTombszakasz", "LinearisTombszakasz.vcxproj", "{CBE7128E-4A36-44C8-A4CC-D0E90F7CD15E}"
EndProject
Global
	GlobalSection(SolutionConfigurationPlatforms) = preSolution
		Debug|x64 = Debug|x64
		Debug|x86 = Debug|x86
		Release|x64 = Release|x64
		Release|x86 = Release|x86
	EndGlobalSection
	GlobalSection(ProjectConfigurationPlatforms) = postSolution
		{CBE7128E-4A36-44C8-A4CC-D0E90F7CD15E}.Debug|x64.ActiveCfg = Debug|x64
		{CBE7128E-4A36-44C8-A4CC-D0E90F7CD15E}.Debug|x64.Build.0 = Debug|x64
		{CBE7128E-4A36-44C8-A4CC-D0E90F7CD15E}.Debug|x86.ActiveCfg = Debug|Win32
		{CBE7128E-4A36-44C8-A4CC-D0E90F7CD15E}.Debug|x86.Build.0 = Debug|Win32
		{CBE7128E-4A36-44C8-A4CC-D0E90F7CD15E}.Release|x64.ActiveCfg = Release|x64
		{CBE7128E-4A36-44C8-A4CC-D0E90F7CD15E}.Release|x64.Build.0 = Release|x64
		{CBE7128E-4A36-44C8-A4CC-D0E90F7CD15E}.Release|x86.ActiveCfg = Release|Win32
		{CBE7128E-4A36-44C8-A4CC-D0E90F7CD15E}.Release|x86.Build.0 = Release|Win32
	EndGlobalSection
	GlobalSection(SolutionProperties) = preSolution
		HideSolutionNode = FALSE
	EndGlobalSection
	GlobalSection(ExtensibilityGlobals) = postSolution
		SolutionGuid = {B731B6D3-0A28-4BBF-8A75-3A6B9431ACCF}
	EndGlobalSection
EndGlobal
