
Microsoft Visual Studio Solution File, Format Version 12.00
# Visual Studio Version 17
VisualStudioVersion = 17.5.33627.172
MinimumVisualStudioVersion = 10.0.40219.1
Project("{8BC9CEB8-8B4A-11D0-8D11-00A0C91BC942}") = "bnim2219_L9_1b", "bnim2219_L9_1b.vcxproj", "{6D369060-2F59-42FC-93E5-D90F1EDFE82A}"
EndProject
Global
	GlobalSection(SolutionConfigurationPlatforms) = preSolution
		Debug|x64 = Debug|x64
		Debug|x86 = Debug|x86
		Release|x64 = Release|x64
		Release|x86 = Release|x86
	EndGlobalSection
	GlobalSection(ProjectConfigurationPlatforms) = postSolution
		{6D369060-2F59-42FC-93E5-D90F1EDFE82A}.Debug|x64.ActiveCfg = Debug|x64
		{6D369060-2F59-42FC-93E5-D90F1EDFE82A}.Debug|x64.Build.0 = Debug|x64
		{6D369060-2F59-42FC-93E5-D90F1EDFE82A}.Debug|x86.ActiveCfg = Debug|Win32
		{6D369060-2F59-42FC-93E5-D90F1EDFE82A}.Debug|x86.Build.0 = Debug|Win32
		{6D369060-2F59-42FC-93E5-D90F1EDFE82A}.Release|x64.ActiveCfg = Release|x64
		{6D369060-2F59-42FC-93E5-D90F1EDFE82A}.Release|x64.Build.0 = Release|x64
		{6D369060-2F59-42FC-93E5-D90F1EDFE82A}.Release|x86.ActiveCfg = Release|Win32
		{6D369060-2F59-42FC-93E5-D90F1EDFE82A}.Release|x86.Build.0 = Release|Win32
	EndGlobalSection
	GlobalSection(SolutionProperties) = preSolution
		HideSolutionNode = FALSE
	EndGlobalSection
	GlobalSection(ExtensibilityGlobals) = postSolution
		SolutionGuid = {FCC6E36A-0E86-467B-8979-40B5C5332124}
	EndGlobalSection
EndGlobal
