
Microsoft Visual Studio Solution File, Format Version 12.00
# Visual Studio Version 17
VisualStudioVersion = 17.5.33530.505
MinimumVisualStudioVersion = 10.0.40219.1
Project("{8BC9CEB8-8B4A-11D0-8D11-00A0C91BC942}") = "bnim2219_L6_2a", "bnim2219_L6_2a.vcxproj", "{EC23CB24-8744-4C52-8702-EA9532A0874E}"
EndProject
Global
	GlobalSection(SolutionConfigurationPlatforms) = preSolution
		Debug|x64 = Debug|x64
		Debug|x86 = Debug|x86
		Release|x64 = Release|x64
		Release|x86 = Release|x86
	EndGlobalSection
	GlobalSection(ProjectConfigurationPlatforms) = postSolution
		{EC23CB24-8744-4C52-8702-EA9532A0874E}.Debug|x64.ActiveCfg = Debug|x64
		{EC23CB24-8744-4C52-8702-EA9532A0874E}.Debug|x64.Build.0 = Debug|x64
		{EC23CB24-8744-4C52-8702-EA9532A0874E}.Debug|x86.ActiveCfg = Debug|Win32
		{EC23CB24-8744-4C52-8702-EA9532A0874E}.Debug|x86.Build.0 = Debug|Win32
		{EC23CB24-8744-4C52-8702-EA9532A0874E}.Release|x64.ActiveCfg = Release|x64
		{EC23CB24-8744-4C52-8702-EA9532A0874E}.Release|x64.Build.0 = Release|x64
		{EC23CB24-8744-4C52-8702-EA9532A0874E}.Release|x86.ActiveCfg = Release|Win32
		{EC23CB24-8744-4C52-8702-EA9532A0874E}.Release|x86.Build.0 = Release|Win32
	EndGlobalSection
	GlobalSection(SolutionProperties) = preSolution
		HideSolutionNode = FALSE
	EndGlobalSection
	GlobalSection(ExtensibilityGlobals) = postSolution
		SolutionGuid = {BE6F050F-B33F-4DEC-AD83-AED94C5C3B55}
	EndGlobalSection
EndGlobal
