
Microsoft Visual Studio Solution File, Format Version 12.00
# Visual Studio Version 17
VisualStudioVersion = 17.5.33424.131
MinimumVisualStudioVersion = 10.0.40219.1
Project("{8BC9CEB8-8B4A-11D0-8D11-00A0C91BC942}") = "bnim2219_L2_2b_b1", "bnim2219_L2_2b_b1.vcxproj", "{BB832B8B-BC6C-4C14-BCDA-12497CF3E7A5}"
EndProject
Global
	GlobalSection(SolutionConfigurationPlatforms) = preSolution
		Debug|x64 = Debug|x64
		Debug|x86 = Debug|x86
		Release|x64 = Release|x64
		Release|x86 = Release|x86
	EndGlobalSection
	GlobalSection(ProjectConfigurationPlatforms) = postSolution
		{BB832B8B-BC6C-4C14-BCDA-12497CF3E7A5}.Debug|x64.ActiveCfg = Debug|x64
		{BB832B8B-BC6C-4C14-BCDA-12497CF3E7A5}.Debug|x64.Build.0 = Debug|x64
		{BB832B8B-BC6C-4C14-BCDA-12497CF3E7A5}.Debug|x86.ActiveCfg = Debug|Win32
		{BB832B8B-BC6C-4C14-BCDA-12497CF3E7A5}.Debug|x86.Build.0 = Debug|Win32
		{BB832B8B-BC6C-4C14-BCDA-12497CF3E7A5}.Release|x64.ActiveCfg = Release|x64
		{BB832B8B-BC6C-4C14-BCDA-12497CF3E7A5}.Release|x64.Build.0 = Release|x64
		{BB832B8B-BC6C-4C14-BCDA-12497CF3E7A5}.Release|x86.ActiveCfg = Release|Win32
		{BB832B8B-BC6C-4C14-BCDA-12497CF3E7A5}.Release|x86.Build.0 = Release|Win32
	EndGlobalSection
	GlobalSection(SolutionProperties) = preSolution
		HideSolutionNode = FALSE
	EndGlobalSection
	GlobalSection(ExtensibilityGlobals) = postSolution
		SolutionGuid = {EA5DAF0F-594A-4DF1-A18F-A20A92B31729}
	EndGlobalSection
EndGlobal
