
Microsoft Visual Studio Solution File, Format Version 12.00
# Visual Studio Version 17
VisualStudioVersion = 17.4.33205.214
MinimumVisualStudioVersion = 10.0.40219.1
Project("{8BC9CEB8-8B4A-11D0-8D11-00A0C91BC942}") = "UtakSzama", "UtakSzama.vcxproj", "{2E22C4A5-35D1-4C9B-BAF7-DD4B06E3653B}"
EndProject
Global
	GlobalSection(SolutionConfigurationPlatforms) = preSolution
		Debug|x64 = Debug|x64
		Debug|x86 = Debug|x86
		Release|x64 = Release|x64
		Release|x86 = Release|x86
	EndGlobalSection
	GlobalSection(ProjectConfigurationPlatforms) = postSolution
		{2E22C4A5-35D1-4C9B-BAF7-DD4B06E3653B}.Debug|x64.ActiveCfg = Debug|x64
		{2E22C4A5-35D1-4C9B-BAF7-DD4B06E3653B}.Debug|x64.Build.0 = Debug|x64
		{2E22C4A5-35D1-4C9B-BAF7-DD4B06E3653B}.Debug|x86.ActiveCfg = Debug|Win32
		{2E22C4A5-35D1-4C9B-BAF7-DD4B06E3653B}.Debug|x86.Build.0 = Debug|Win32
		{2E22C4A5-35D1-4C9B-BAF7-DD4B06E3653B}.Release|x64.ActiveCfg = Release|x64
		{2E22C4A5-35D1-4C9B-BAF7-DD4B06E3653B}.Release|x64.Build.0 = Release|x64
		{2E22C4A5-35D1-4C9B-BAF7-DD4B06E3653B}.Release|x86.ActiveCfg = Release|Win32
		{2E22C4A5-35D1-4C9B-BAF7-DD4B06E3653B}.Release|x86.Build.0 = Release|Win32
	EndGlobalSection
	GlobalSection(SolutionProperties) = preSolution
		HideSolutionNode = FALSE
	EndGlobalSection
	GlobalSection(ExtensibilityGlobals) = postSolution
		SolutionGuid = {83545847-F26E-4FC9-AD2B-32272E140446}
	EndGlobalSection
EndGlobal
